
Microsoft Visual Studio Solution File, Format Version 12.00
# Visual Studio Version 17
VisualStudioVersion = 17.0.32014.148
MinimumVisualStudioVersion = 10.0.40219.1
Project("{FAE04EC0-301F-11D3-BF4B-00C04F79EFBC}") = "RFP_Day15_BinaryTree", "RFP_Day15_BinaryTree.csproj", "{54FE0FDA-2BA1-4F59-95AC-3D13A12F15AB}"
EndProject
Global
	GlobalSection(SolutionConfigurationPlatforms) = preSolution
		Debug|Any CPU = Debug|Any CPU
		Release|Any CPU = Release|Any CPU
	EndGlobalSection
	GlobalSection(ProjectConfigurationPlatforms) = postSolution
		{54FE0FDA-2BA1-4F59-95AC-3D13A12F15AB}.Debug|Any CPU.ActiveCfg = Debug|Any CPU
		{54FE0FDA-2BA1-4F59-95AC-3D13A12F15AB}.Debug|Any CPU.Build.0 = Debug|Any CPU
		{54FE0FDA-2BA1-4F59-95AC-3D13A12F15AB}.Release|Any CPU.ActiveCfg = Release|Any CPU
		{54FE0FDA-2BA1-4F59-95AC-3D13A12F15AB}.Release|Any CPU.Build.0 = Release|Any CPU
	EndGlobalSection
	GlobalSection(SolutionProperties) = preSolution
		HideSolutionNode = FALSE
	EndGlobalSection
	GlobalSection(ExtensibilityGlobals) = postSolution
		SolutionGuid = {EF731820-BB62-41E8-8125-29BB8B816C2E}
	EndGlobalSection
EndGlobal
